{
    "_readme": [
        "This file locks the dependencies of your project to a known state",
        "Read more about it at https://getcomposer.org/doc/01-basic-usage.md#composer-lock-the-lock-file",
        "This file is @generated automatically"
    ],
    "hash": "ee80dcd70e10dde73d6062d4cda8fa43",
    "content-hash": "87f6cdc2a17ed83b3057f4c1a7bd8370",
    "packages": [
        {
            "name": "yiisoft/yii2-composer",
            "version": "dev-master",
            "source": {
                "type": "git",
                "url": "https://github.com/yiisoft/yii2-composer.git",
                "reference": "c6a294f01630e89f8ccc6209edb9ed8fbf008ac4"
            },
            "dist": {
                "type": "zip",
                "url": "https://api.github.com/repos/yiisoft/yii2-composer/zipball/c6a294f01630e89f8ccc6209edb9ed8fbf008ac4",
                "reference": "c6a294f01630e89f8ccc6209edb9ed8fbf008ac4",
                "shasum": ""
            },
            "require": {
                "composer-plugin-api": "^1.0"
            },
            "type": "composer-plugin",
            "extra": {
                "class": "yii\\composer\\Plugin",
                "branch-alias": {
                    "dev-master": "2.0.x-dev"
                }
            },
            "autoload": {
                "psr-4": {
                    "yii\\composer\\": ""
                }
            },
            "notification-url": "https://packagist.org/downloads/",
            "license": [
                "BSD-3-Clause"
            ],
            "authors": [
                {
                    "name": "Qiang Xue",
                    "email": "qiang.xue@gmail.com"
                }
            ],
            "description": "The composer plugin for Yii extension installer",
            "keywords": [
                "composer",
                "extension installer",
                "yii2"
            ],
            "time": "2016-12-02 17:13:38"
        }
    ],
    "packages-dev": [],
    "aliases": [],
    "minimum-stability": "stable",
    "stability-flags": {
        "yiisoft/yii2-composer": 20
    },
    "prefer-stable": false,
    "prefer-lowest": false,
    "platform": [],
    "platform-dev": []
}
